{
    "_meta": {
        "hash": {
            "sha256": "02eca4a3556e62b5f6b4f695ad670b842111740654cf5a8410c38fa9ac65b4ad"
        },
        "pipfile-spec": 6,
        "requires": {
            "python_version": "3.7"
        },
        "sources": [
            {
                "name": "pypi",
                "url": "https://pypi.org/simple",
                "verify_ssl": true
            }
        ]
    },
    "default": {
        "atomicwrites": {
            "hashes": [
                "sha256:0312ad34fcad8fac3704d441f7b317e50af620823353ec657a53e981f92920c0",
                "sha256:ec9ae8adaae229e4f8446952d204a3e4b5fdd2d099f9be3aaf556120135fb3ee"
            ],
            "markers": "python_version >= '2.7' and python_version != '3.2.*' and python_version != '3.3.*' and python_version != '3.1.*' and python_version != '3.0.*'",
            "version": "==1.2.1"
        },
        "attrs": {
            "hashes": [
                "sha256:10cbf6e27dbce8c30807caf056c8eb50917e0eaafe86347671b57254006c3e69",
                "sha256:ca4be454458f9dec299268d472aaa5a11f67a4ff70093396e1ceae9c76cf4bbb"
            ],
            "version": "==18.2.0"
        },
        "colorama": {
            "hashes": [
                "sha256:463f8483208e921368c9f306094eb6f725c6ca42b0f97e313cb5d5512459feda",
                "sha256:48eb22f4f8461b1df5734a074b57042430fb06e1d61bd1e11b078c0fe6d7a1f1"
            ],
            "markers": "sys_platform == 'win32'",
            "version": "==0.3.9"
        },
        "more-itertools": {
            "hashes": [
                "sha256:c187a73da93e7a8acc0001572aebc7e3c69daf7bf6881a2cea10650bd4420092",
                "sha256:c476b5d3a34e12d40130bc2f935028b5f636df8f372dc2c1c01dc19681b2039e",
                "sha256:fcbfeaea0be121980e15bc97b3817b5202ca73d0eae185b4550cbfce2a3ebb3d"
            ],
            "version": "==4.3.0"
        },
        "pluggy": {
            "hashes": [
                "sha256:6e3836e39f4d36ae72840833db137f7b7d35105079aee6ec4a62d9f80d594dd1",
                "sha256:95eb8364a4708392bae89035f45341871286a333f749c3141c20573d2b3876e1"
            ],
            "markers": "python_version >= '2.7' and python_version != '3.2.*' and python_version != '3.3.*' and python_version != '3.1.*' and python_version != '3.0.*'",
            "version": "==0.7.1"
        },
        "py": {
            "hashes": [
                "sha256:06a30435d058473046be836d3fc4f27167fd84c45b99704f2fb5509ef61f9af1",
                "sha256:50402e9d1c9005d759426988a492e0edaadb7f4e68bcddfea586bc7432d009c6"
            ],
            "markers": "python_version >= '2.7' and python_version != '3.2.*' and python_version != '3.3.*' and python_version != '3.1.*' and python_version != '3.0.*'",
            "version": "==1.6.0"
        },
        "pynput": {
            "hashes": [
                "sha256:93927f49ce8e6cc3204852bfb3d42d7c510e9ae2e14fe9d683b099416013f520"
            ],
            "index": "pypi",
            "version": "==1.4"
        },
        "pypubsub": {
            "hashes": [
                "sha256:430d60d76e56e19eaa1422579941caf9d3b392cfb8d10a17678a5c9f7ee830ba",
                "sha256:7a15723835d1e55c67ed3329a009c18d2f2ff7b8d73cf0e01f3295781e0b5807"
            ],
            "index": "pypi",
            "version": "==4.0.0"
        },
        "pyqt5": {
            "hashes": [
                "sha256:700b8bb0357bf0ac312bce283449de733f5773dfc77083664be188c8e964c007",
                "sha256:76d52f3627fac8bfdbc4857ce52a615cd879abd79890cde347682ff9b4b245a2",
                "sha256:7d0f7c0aed9c3ef70d5856e99f30ebcfe25a58300158dd46ee544cbe1c5b53db",
                "sha256:d5dc2faf0aeacd0e8b69af1dc9f1276a64020193148356bb319bdfae22b78f88"
            ],
            "index": "pypi",
            "version": "==5.11.2"
        },
        "pyqt5-sip": {
            "hashes": [
                "sha256:3bcd8efae7798ce41aa7c3a052bd5ce1849f437530b8a717bae39197e780f505",
                "sha256:4a3c5767d6c238d8c62d252ac59312fac8b2264a1e8a5670081d7f3545893005",
                "sha256:67481d70fb0c7fb83e77b9025e15d0e78c7647c228eef934bd20ba716845a519",
                "sha256:7b2e563e4e56adee00101a29913fdcc49cc714f6c4f7eb35449f493c3a88fc45",
                "sha256:92a4950cba7ad7b7f67c09bdf80170ac225b38844b3a10f1271b02bace2ffc64",
                "sha256:9309c10f9e648521cfe03b62f4658dad2314f81886062cb30e0ad31b337e14b0",
                "sha256:9f524e60fa6113b50c48fbd869b2aef19833f3fe278097b1e7403e8f4dd5392c",
                "sha256:a10f59ad65b34e183853e1387b68901f473a2041f7398fac87c4e445ab149830",
                "sha256:abc2b2df469b4efb01d9dba4b804cbf0312f109ed74752dc3a37394a77d55b1f",
                "sha256:c09c17009a2dd2a6317a14d3cea9b2300fdb2206cf9bc4bae0870d1919897935",
                "sha256:c30c162e1430fd5a02207f1bd478e170c61d89fcca11ac6d8babb73cb33a86a8",
                "sha256:f00ceceef75a2140fda737bd30847ac69b7d92fbd32b6ea7b387017e72176bd8"
            ],
            "version": "==4.19.12"
        },
        "pyserial": {
            "hashes": [
                "sha256:6e2d401fdee0eab996cf734e67773a0143b932772ca8b42451440cfed942c627",
                "sha256:e0770fadba80c31013896c7e6ef703f72e7834965954a78e71a3049488d4d7d8"
            ],
            "index": "pypi",
            "version": "==3.4"
        },
        "pytest": {
            "hashes": [
                "sha256:0a72d8a9f559c006ba153e0c9b4838efd7b656cf1f993747ba7128770d6eb12c",
                "sha256:95529588ff4e85114a0b0ad8e9cf0131ca47d46b28230e25366c5aba66b1d854"
            ],
            "index": "pypi",
            "version": "==3.8.1"
        },
        "pyvisa": {
            "hashes": [
                "sha256:01ec355a97b9cd3897c019ec0c8e76a1f4e0dbce2a89b869794f5dcce4ed06e5",
                "sha256:d387dd215928bcc40f4ac21f1f344ca7a511ec3e8078f76876fa717174dbb993"
            ],
            "index": "pypi",
            "markers": "python_version != '3.3.*' and python_version >= '2.7' and python_version != '3.0.*' and python_version != '3.2.*' and python_version != '3.1.*'",
            "version": "==1.9.1"
        },
        "ruamel.yaml": {
            "hashes": [
                "sha256:0046083bfb821693faf93fbce3905d4734db5ad5197aa2535ae3523251afdec6",
                "sha256:046bb3df844dac46db21983b9c34d4fa1fd67c9846b227913b085fc173e87040",
                "sha256:0cf26d34a9e6a61ebf19b5be6f37bd1e9caa1020a6649ddf4154bdc1eeb140b3",
                "sha256:12570e8733ace8105502b58fdf6725772913f598687d42bd8c58a098a8c34b66",
                "sha256:20b7f2cab2d2d83c3eb2821e2846889dfeff9c8f9027c416fd37edcad6f55c44",
                "sha256:2e8198444b33a8f7d039a7d09845c5388f57105902f499d806f2b29fa78326b8",
                "sha256:41746026e570f786e42f2269f9046080681c2e59f8fcd1c9fbec8357bd285771",
                "sha256:419522f62b41ab8b65006e1706fa31dfbb01e3640a65cdd79e39889a2095a319",
                "sha256:70aeb401384aebe81911affa449e25e9e2f3618557bf9d6f8a0f0927123c5f25",
                "sha256:71436539d70c99a20aeb03f7149a8a765378c9060a266ee5aa431f5dedd5d233",
                "sha256:7454510c46b26627553d5df04996e3b0b3a076754d711b775e4ebb4eed1d2d4d",
                "sha256:792e786e4afc64dfccf55d5bb3db9747cd8bcb9a3e39b7f6b56a13630e31037b",
                "sha256:7bdc00598c78eb7d67de5dddd5f7ab8334dc4379192780d2a7ae1c7ec9970512",
                "sha256:a8c5cfed6f4282fc154eeadd333ec4dcce57933b7b2c7a9554b54afbaea63251",
                "sha256:ade062389df069cfefc135866ec45494af000ff0c13fd46ec998fef0ae35629f",
                "sha256:cd6fa437a26f1c5f1dfd5efacc25324bfd03dc23bfaccfe33611fa14c7ac8350",
                "sha256:cf59aa7cdedd1a0de08b6457b955c1f7c26b7be8b1318932d0f2a1910f8709aa",
                "sha256:d6004e4971e4b14f7921fca8527745f1ec707b723b91516ec60f3bf4e7215697",
                "sha256:e2d0a3db5c0a7f186bdb8a37720c7f75cf4d87d1a80217059c0aa254769c0240",
                "sha256:e82d0d81a456b6b1708bedb6e496994e53b241e8790dfe932f5c5bec559e8d4f",
                "sha256:eb61aa389fbcf452d080cd7619e33c2828b9fc3a77c3f3869d363552e1dcd360",
                "sha256:ed07ee3cd591516f4e9ca8ea3652d10458034a8f6f3ec93b7ebe989d8b785c8a"
            ],
            "index": "pypi",
            "version": "==0.15.70"
        },
        "six": {
            "hashes": [
                "sha256:70e8a77beed4562e7f14fe23a786b54f6296e34344c23bc42f07b15018ff98e9",
                "sha256:832dc0e10feb1aa2c68dcc57dbb658f1c7e65b9b61af69048abc87a2db00a0eb"
            ],
            "version": "==1.11.0"
        }
    },
    "develop": {}
}
